{
  "name": "bazel_try_1",
  "version": "1.0.0",
  "lockfileVersion": 1,
  "requires": true,
  "dependencies": {
    "@bazel/bazel": {
      "version": "0.22.0",
      "resolved": "https://registry.npmjs.org/@bazel/bazel/-/bazel-0.22.0.tgz",
      "integrity": "sha512-uaXZsfCXOASBXzmge56akRIhJnKYdShn1X3AdEBzq2NNCf2llkc1H25gKGm4BfuWDBXRbXDMmcXup+fw39h+WQ==",
      "dev": true,
      "requires": {
        "@bazel/bazel-darwin_x64": "0.22.0",
        "@bazel/bazel-linux_x64": "0.22.0",
        "@bazel/bazel-win32_x64": "0.22.0"
      },
      "dependencies": {
        "@bazel/bazel-darwin_x64": {
          "version": "0.22.0",
          "resolved": "https://registry.npmjs.org/@bazel/bazel-darwin_x64/-/bazel-darwin_x64-0.22.0.tgz",
          "integrity": "sha512-LFxkyQgPATeB64z/1IvOWZhK+lc3JVHejbmdo96qB4lsoD8zselvOlgHvVXxlAjRxVZ9mlmXDvDRDyaXyyRdwA==",
          "dev": true,
          "optional": true
        },
        "@bazel/bazel-linux_x64": {
          "version": "0.22.0",
          "resolved": "https://registry.npmjs.org/@bazel/bazel-linux_x64/-/bazel-linux_x64-0.22.0.tgz",
          "integrity": "sha512-xDs8cb2bbGZ9uvzYZOzCVrMBywzRhLj0J/t+py+FYZj+VO5B3wVg9eUf6nWWR0oJ2mzvToI9h31t2tNdqwy2kQ==",
          "dev": true,
          "optional": true
        },
        "@bazel/bazel-win32_x64": {
          "version": "0.22.0",
          "resolved": "https://registry.npmjs.org/@bazel/bazel-win32_x64/-/bazel-win32_x64-0.22.0.tgz",
          "integrity": "sha512-FbJaXVDoCLnpIFLnPHFkQdfriYPXfnfQNuf9EXMliERdRuoeBVbwEZfwcuArxZWNFus7bD8QiTj0XzKVWO+Wbw==",
          "dev": true,
          "optional": true
        }
      }
    },
    "@bazel/ibazel": {
      "version": "0.9.1",
      "resolved": "https://registry.npmjs.org/@bazel/ibazel/-/ibazel-0.9.1.tgz",
      "integrity": "sha512-twdytcFr+zj7CQcJCDegrAAI2soRyL34yaxD+3g59W8u188iOsZ392gscFJufysoEQKvAon1UiI3DqCrS+qYDw==",
      "dev": true
    }
  }
}
